
Microsoft Visual Studio Solution File, Format Version 12.00
# Visual Studio Version 17
VisualStudioVersion = 17.5.33516.290
MinimumVisualStudioVersion = 10.0.40219.1
Project("{FAE04EC0-301F-11D3-BF4B-00C04F79EFBC}") = "HinhChuNhat", "HinhChuNhat\HinhChuNhat.csproj", "{C5A909D9-CBCF-4D02-9052-C721B710BDD9}"
EndProject
Project("{FAE04EC0-301F-11D3-BF4B-00C04F79EFBC}") = "Animal", "..\Animal\Animal.csproj", "{A8E49D99-B8DE-4686-AC6A-32C8236186CA}"
EndProject
Global
	GlobalSection(SolutionConfigurationPlatforms) = preSolution
		Debug|Any CPU = Debug|Any CPU
		Release|Any CPU = Release|Any CPU
	EndGlobalSection
	GlobalSection(ProjectConfigurationPlatforms) = postSolution
		{C5A909D9-CBCF-4D02-9052-C721B710BDD9}.Debug|Any CPU.ActiveCfg = Debug|Any CPU
		{C5A909D9-CBCF-4D02-9052-C721B710BDD9}.Debug|Any CPU.Build.0 = Debug|Any CPU
		{C5A909D9-CBCF-4D02-9052-C721B710BDD9}.Release|Any CPU.ActiveCfg = Release|Any CPU
		{C5A909D9-CBCF-4D02-9052-C721B710BDD9}.Release|Any CPU.Build.0 = Release|Any CPU
		{A8E49D99-B8DE-4686-AC6A-32C8236186CA}.Debug|Any CPU.ActiveCfg = Debug|Any CPU
		{A8E49D99-B8DE-4686-AC6A-32C8236186CA}.Debug|Any CPU.Build.0 = Debug|Any CPU
		{A8E49D99-B8DE-4686-AC6A-32C8236186CA}.Release|Any CPU.ActiveCfg = Release|Any CPU
		{A8E49D99-B8DE-4686-AC6A-32C8236186CA}.Release|Any CPU.Build.0 = Release|Any CPU
	EndGlobalSection
	GlobalSection(SolutionProperties) = preSolution
		HideSolutionNode = FALSE
	EndGlobalSection
	GlobalSection(ExtensibilityGlobals) = postSolution
		SolutionGuid = {80D175C3-B482-4F19-A1BD-E725F7FDEE30}
	EndGlobalSection
EndGlobal
