
Microsoft Visual Studio Solution File, Format Version 12.00
# Visual Studio Version 17
VisualStudioVersion = 17.5.33516.290
MinimumVisualStudioVersion = 10.0.40219.1
Project("{FAE04EC0-301F-11D3-BF4B-00C04F79EFBC}") = "CGO_Buoi01", "CGO_Buoi01\CGO_Buoi01.csproj", "{A971BA31-206C-498B-9086-8BD7107D0962}"
EndProject
Project("{FAE04EC0-301F-11D3-BF4B-00C04F79EFBC}") = "CGO_Buoi1_DoiTienTe", "CGO_Buoi1_DoiTienTe\CGO_Buoi1_DoiTienTe.csproj", "{48A1A41A-4279-4BE6-887C-CB18CBFEF625}"
EndProject
Project("{FAE04EC0-301F-11D3-BF4B-00C04F79EFBC}") = "CGO_Buoi1_SuDungToanTu", "CGO_Buoi1_SuDungToanTu\CGO_Buoi1_SuDungToanTu.csproj", "{27B80643-E8BB-4B39-AC89-B30B13363B94}"
EndProject
Project("{FAE04EC0-301F-11D3-BF4B-00C04F79EFBC}") = "CGO_Buoi1_ThoiGianHT", "CGO_Buoi1_ThoiGianHT\CGO_Buoi1_ThoiGianHT.csproj", "{6A1FE526-B2D8-4962-8042-9783D111BEC7}"
EndProject
Global
	GlobalSection(SolutionConfigurationPlatforms) = preSolution
		Debug|Any CPU = Debug|Any CPU
		Release|Any CPU = Release|Any CPU
	EndGlobalSection
	GlobalSection(ProjectConfigurationPlatforms) = postSolution
		{A971BA31-206C-498B-9086-8BD7107D0962}.Debug|Any CPU.ActiveCfg = Debug|Any CPU
		{A971BA31-206C-498B-9086-8BD7107D0962}.Debug|Any CPU.Build.0 = Debug|Any CPU
		{A971BA31-206C-498B-9086-8BD7107D0962}.Release|Any CPU.ActiveCfg = Release|Any CPU
		{A971BA31-206C-498B-9086-8BD7107D0962}.Release|Any CPU.Build.0 = Release|Any CPU
		{48A1A41A-4279-4BE6-887C-CB18CBFEF625}.Debug|Any CPU.ActiveCfg = Debug|Any CPU
		{48A1A41A-4279-4BE6-887C-CB18CBFEF625}.Debug|Any CPU.Build.0 = Debug|Any CPU
		{48A1A41A-4279-4BE6-887C-CB18CBFEF625}.Release|Any CPU.ActiveCfg = Release|Any CPU
		{48A1A41A-4279-4BE6-887C-CB18CBFEF625}.Release|Any CPU.Build.0 = Release|Any CPU
		{27B80643-E8BB-4B39-AC89-B30B13363B94}.Debug|Any CPU.ActiveCfg = Debug|Any CPU
		{27B80643-E8BB-4B39-AC89-B30B13363B94}.Debug|Any CPU.Build.0 = Debug|Any CPU
		{27B80643-E8BB-4B39-AC89-B30B13363B94}.Release|Any CPU.ActiveCfg = Release|Any CPU
		{27B80643-E8BB-4B39-AC89-B30B13363B94}.Release|Any CPU.Build.0 = Release|Any CPU
		{6A1FE526-B2D8-4962-8042-9783D111BEC7}.Debug|Any CPU.ActiveCfg = Debug|Any CPU
		{6A1FE526-B2D8-4962-8042-9783D111BEC7}.Debug|Any CPU.Build.0 = Debug|Any CPU
		{6A1FE526-B2D8-4962-8042-9783D111BEC7}.Release|Any CPU.ActiveCfg = Release|Any CPU
		{6A1FE526-B2D8-4962-8042-9783D111BEC7}.Release|Any CPU.Build.0 = Release|Any CPU
	EndGlobalSection
	GlobalSection(SolutionProperties) = preSolution
		HideSolutionNode = FALSE
	EndGlobalSection
	GlobalSection(ExtensibilityGlobals) = postSolution
		SolutionGuid = {3FFA1359-2484-435C-8D73-4F34276C6E61}
	EndGlobalSection
EndGlobal
