
Microsoft Visual Studio Solution File, Format Version 12.00
# Visual Studio Version 17
VisualStudioVersion = 17.5.33516.290
MinimumVisualStudioVersion = 10.0.40219.1
Project("{FAE04EC0-301F-11D3-BF4B-00C04F79EFBC}") = "CGO_Buoi3_VeHinh", "..\CGO_BasicCsharp\CGO_Buoi03\CGO_Buoi3_VeHinh\CGO_Buoi3_VeHinh.csproj", "{067C182C-C39D-4158-A772-993759B5510D}"
EndProject
Global
	GlobalSection(SolutionConfigurationPlatforms) = preSolution
		Debug|Any CPU = Debug|Any CPU
		Release|Any CPU = Release|Any CPU
	EndGlobalSection
	GlobalSection(ProjectConfigurationPlatforms) = postSolution
		{067C182C-C39D-4158-A772-993759B5510D}.Debug|Any CPU.ActiveCfg = Debug|Any CPU
		{067C182C-C39D-4158-A772-993759B5510D}.Debug|Any CPU.Build.0 = Debug|Any CPU
		{067C182C-C39D-4158-A772-993759B5510D}.Release|Any CPU.ActiveCfg = Release|Any CPU
		{067C182C-C39D-4158-A772-993759B5510D}.Release|Any CPU.Build.0 = Release|Any CPU
	EndGlobalSection
	GlobalSection(SolutionProperties) = preSolution
		HideSolutionNode = FALSE
	EndGlobalSection
	GlobalSection(ExtensibilityGlobals) = postSolution
		SolutionGuid = {3256954D-BAC6-4EF3-9B06-2B1C6724933A}
	EndGlobalSection
EndGlobal
