
Microsoft Visual Studio Solution File, Format Version 12.00
# Visual Studio Version 17
VisualStudioVersion = 17.5.33516.290
MinimumVisualStudioVersion = 10.0.40219.1
Project("{FAE04EC0-301F-11D3-BF4B-00C04F79EFBC}") = "PT_BacNhat", "PT_BacNhat\PT_BacNhat.csproj", "{5E4C0A97-3EB2-4AD4-9A11-B19358EE25D9}"
EndProject
Project("{FAE04EC0-301F-11D3-BF4B-00C04F79EFBC}") = "TinhChiSoCoThe", "..\TinhChiSoCoThe\TinhChiSoCoThe.csproj", "{790E85B4-082F-4218-8404-0F0695AE980A}"
EndProject
Global
	GlobalSection(SolutionConfigurationPlatforms) = preSolution
		Debug|Any CPU = Debug|Any CPU
		Release|Any CPU = Release|Any CPU
	EndGlobalSection
	GlobalSection(ProjectConfigurationPlatforms) = postSolution
		{5E4C0A97-3EB2-4AD4-9A11-B19358EE25D9}.Debug|Any CPU.ActiveCfg = Debug|Any CPU
		{5E4C0A97-3EB2-4AD4-9A11-B19358EE25D9}.Debug|Any CPU.Build.0 = Debug|Any CPU
		{5E4C0A97-3EB2-4AD4-9A11-B19358EE25D9}.Release|Any CPU.ActiveCfg = Release|Any CPU
		{5E4C0A97-3EB2-4AD4-9A11-B19358EE25D9}.Release|Any CPU.Build.0 = Release|Any CPU
		{790E85B4-082F-4218-8404-0F0695AE980A}.Debug|Any CPU.ActiveCfg = Debug|Any CPU
		{790E85B4-082F-4218-8404-0F0695AE980A}.Debug|Any CPU.Build.0 = Debug|Any CPU
		{790E85B4-082F-4218-8404-0F0695AE980A}.Release|Any CPU.ActiveCfg = Release|Any CPU
		{790E85B4-082F-4218-8404-0F0695AE980A}.Release|Any CPU.Build.0 = Release|Any CPU
	EndGlobalSection
	GlobalSection(SolutionProperties) = preSolution
		HideSolutionNode = FALSE
	EndGlobalSection
	GlobalSection(ExtensibilityGlobals) = postSolution
		SolutionGuid = {3973F803-B1A5-4FB7-ACB8-C901F2D7B628}
	EndGlobalSection
EndGlobal
